<?xml version="1.0" encoding="utf-8"?>
<Project ToolsVersion="4.0" xmlns="http://schemas.microsoft.com/developer/msbuild/2003">
  <ItemGroup>
    <ClCompile Include="stdafx.cpp">
      <Filter>Source Files</Filter>
    </ClCompile>
    <ClCompile Include="Classes\Skybox.cpp">
      <Filter>Source Files</Filter>
    </ClCompile>
    <ClCompile Include="Classes\Shader.cpp">
      <Filter>Source Files</Filter>
    </ClCompile>
    <ClCompile Include="objloader.cpp">
      <Filter>Source Files</Filter>
    </ClCompile>
    <ClCompile Include="Main.cpp">
      <Filter>Source Files</Filter>
    </ClCompile>
    <ClCompile Include="Classes\Texture.cpp">
      <Filter>Source Files</Filter>
    </ClCompile>
    <ClCompile Include="Classes\Terrain.cpp">
      <Filter>Source Files</Filter>
    </ClCompile>
    <ClCompile Include="Classes\BoundingBox.cpp">
      <Filter>Source Files</Filter>
    </ClCompile>
    <ClCompile Include="Classes\Camera.cpp">
      <Filter>Source Files</Filter>
    </ClCompile>
    <ClCompile Include="Classes\CubePrimitive.cpp">
      <Filter>Source Files</Filter>
    </ClCompile>
    <ClCompile Include="Classes\Building.cpp">
      <Filter>Source Files</Filter>
    </ClCompile>
    <ClCompile Include="Classes\Lighting.cpp" />
    <ClCompile Include="Classes\Shadow.cpp" />
    <ClCompile Include="Classes\SpherePrimitive.cpp" />
  </ItemGroup>
  <ItemGroup>
    <ClInclude Include="targetver.h">
      <Filter>Header Files</Filter>
    </ClInclude>
    <ClInclude Include="stdafx.h">
      <Filter>Header Files</Filter>
    </ClInclude>
    <ClInclude Include="Classes\Skybox.h">
      <Filter>Header Files</Filter>
    </ClInclude>
    <ClInclude Include="Classes\Shader.h">
      <Filter>Header Files</Filter>
    </ClInclude>
    <ClInclude Include="objloader.hpp">
      <Filter>Header Files</Filter>
    </ClInclude>
    <ClInclude Include="Classes\Texture.h">
      <Filter>Header Files</Filter>
    </ClInclude>
    <ClInclude Include="Classes\Terrain.h">
      <Filter>Header Files</Filter>
    </ClInclude>
    <ClInclude Include="Classes\BoundingBox.h">
      <Filter>Header Files</Filter>
    </ClInclude>
    <ClInclude Include="Classes\Camera.h">
      <Filter>Header Files</Filter>
    </ClInclude>
    <ClInclude Include="Classes\MyWindow.h">
      <Filter>Header Files</Filter>
    </ClInclude>
    <ClInclude Include="Classes\Utility.h">
      <Filter>Header Files</Filter>
    </ClInclude>
    <ClInclude Include="Classes\CubePrimitive.h">
      <Filter>Header Files</Filter>
    </ClInclude>
    <ClInclude Include="Classes\Building.h">
      <Filter>Header Files</Filter>
    </ClInclude>
    <ClInclude Include="Classes\Lighting.h" />
    <ClInclude Include="Classes\Shadow.h" />
    <ClInclude Include="Classes\SpherePrimitive.h" />
  </ItemGroup>
  <ItemGroup>
    <None Include="fragment.shader" />
    <None Include="vertex.shader" />
  </ItemGroup>
  <ItemGroup>
    <Filter Include="Header Files">
      <UniqueIdentifier>{1025df62-8aaa-4a9f-bd9e-eb1a48c959b0}</UniqueIdentifier>
    </Filter>
    <Filter Include="Source Files">
      <UniqueIdentifier>{0eee6ee9-4916-4508-8645-eb288e730269}</UniqueIdentifier>
    </Filter>
  </ItemGroup>
</Project>